
Microsoft Visual Studio Solution File, Format Version 12.00
# Visual Studio Version 16
VisualStudioVersion = 25.0.1704.2
MinimumVisualStudioVersion = 10.0.40219.1
Project("{FAE04EC0-301F-11D3-BF4B-00C04F79EFBC}") = "Practice_StaticClassMethods", "Practice_StaticClassMethods\Practice_StaticClassMethods.csproj", "{C279B47E-DD56-4C15-B76E-3DAD2D3E40D8}"
EndProject
Global
	GlobalSection(SolutionConfigurationPlatforms) = preSolution
		Debug|Any CPU = Debug|Any CPU
		Release|Any CPU = Release|Any CPU
	EndGlobalSection
	GlobalSection(ProjectConfigurationPlatforms) = postSolution
		{C279B47E-DD56-4C15-B76E-3DAD2D3E40D8}.Debug|Any CPU.ActiveCfg = Debug|Any CPU
		{C279B47E-DD56-4C15-B76E-3DAD2D3E40D8}.Debug|Any CPU.Build.0 = Debug|Any CPU
		{C279B47E-DD56-4C15-B76E-3DAD2D3E40D8}.Release|Any CPU.ActiveCfg = Release|Any CPU
		{C279B47E-DD56-4C15-B76E-3DAD2D3E40D8}.Release|Any CPU.Build.0 = Release|Any CPU
	EndGlobalSection
	GlobalSection(SolutionProperties) = preSolution
		HideSolutionNode = FALSE
	EndGlobalSection
	GlobalSection(ExtensibilityGlobals) = postSolution
		SolutionGuid = {2145F7DE-200D-4AFB-BC86-CB76CF7CC561}
	EndGlobalSection
EndGlobal
